
Microsoft Visual Studio Solution File, Format Version 12.00
# Visual Studio Version 16
VisualStudioVersion = 16.0.30621.155
MinimumVisualStudioVersion = 10.0.40219.1
Project("{9A19103F-16F7-4668-BE54-9A1E7A4F7556}") = "Refactoring.Web", "Refactoring.Web\Refactoring.Web.csproj", "{3209A16A-5F7D-4984-9A22-5E1B88424F1D}"
EndProject
Global
	GlobalSection(SolutionConfigurationPlatforms) = preSolution
		Debug|Any CPU = Debug|Any CPU
		Release|Any CPU = Release|Any CPU
	EndGlobalSection
	GlobalSection(ProjectConfigurationPlatforms) = postSolution
		{3209A16A-5F7D-4984-9A22-5E1B88424F1D}.Debug|Any CPU.ActiveCfg = Debug|Any CPU
		{3209A16A-5F7D-4984-9A22-5E1B88424F1D}.Debug|Any CPU.Build.0 = Debug|Any CPU
		{3209A16A-5F7D-4984-9A22-5E1B88424F1D}.Release|Any CPU.ActiveCfg = Release|Any CPU
		{3209A16A-5F7D-4984-9A22-5E1B88424F1D}.Release|Any CPU.Build.0 = Release|Any CPU
	EndGlobalSection
	GlobalSection(SolutionProperties) = preSolution
		HideSolutionNode = FALSE
	EndGlobalSection
	GlobalSection(ExtensibilityGlobals) = postSolution
		SolutionGuid = {81A4A2B9-AD67-4E1B-94D9-475DDB3A4CE2}
	EndGlobalSection
EndGlobal
